PODS:
  - Alamofire (4.7.3)
  - AlamofireImage (3.4.1):
    - Alamofire (~> 4.7)
  - Contentful (4.1.0):
    - Contentful/ImageOptions (= 4.1.0)
  - Contentful/ImageOptions (4.1.0)
  - ContentfulRichTextRenderer (0.0.1):
    - AlamofireImage (~> 3.4)
    - Contentful (~> 4.1)
  - Nimble (7.3.1)

DEPENDENCIES:
  - Contentful
  - ContentfulRichTextRenderer (from `../`)
  - Nimble (from `https://github.com/Quick/Nimble.git`, branch `master`)

SPEC REPOS:
  https://github.com/cocoapods/specs.git:
    - Alamofire
    - AlamofireImage
    - Contentful

EXTERNAL SOURCES:
  ContentfulRichTextRenderer:
    :path: "../"
  Nimble:
    :branch: master
    :git: https://github.com/Quick/Nimble.git

CHECKOUT OPTIONS:
  Nimble:
    :commit: c68f5fd88997ab93a53cab07434349621882c817
    :git: https://github.com/Quick/Nimble.git

SPEC CHECKSUMS:
  Alamofire: c7287b6e5d7da964a70935e5db17046b7fde6568
  AlamofireImage: 78d67ccbb763d87ba44b21583d2153500a195630
  Contentful: a23336d4ba99667ed844e570af96ca51347df884
  ContentfulRichTextRenderer: 20b89ee4e11aade03345879249e0430726a097bb
  Nimble: 6e4123b6d882a0f8c7f950236a3251d678cf12a2

PODFILE CHECKSUM: a4e96db150234f203019c7c6aec00212c6e49c9c

COCOAPODS: 1.6.0.beta.2
