PODS:
  - Alamofire (4.7.3)
  - AlamofireImage (3.4.1):
    - Alamofire (~> 4.7)
  - Contentful (4.1.0):
    - Contentful/ImageOptions (= 4.1.0)
  - Contentful/ImageOptions (4.1.0)
  - ContentfulRichTextRenderer (0.0.1):
    - AlamofireImage (~> 3.4)
    - Contentful (~> 4.1)
  - KIF (3.7.4):
    - KIF/Core (= 3.7.4)
  - KIF/Core (3.7.4)
  - SnapshotTesting (0.1.0)

DEPENDENCIES:
  - Contentful
  - ContentfulRichTextRenderer (from `../`)
  - KIF
  - SnapshotTesting (from `https://github.com/pointfreeco/swift-snapshot-testing.git`)

SPEC REPOS:
  https://github.com/cocoapods/specs.git:
    - Alamofire
    - AlamofireImage
    - Contentful
    - KIF

EXTERNAL SOURCES:
  ContentfulRichTextRenderer:
    :path: "../"
  SnapshotTesting:
    :git: https://github.com/pointfreeco/swift-snapshot-testing.git

CHECKOUT OPTIONS:
  SnapshotTesting:
    :commit: bcf25836837e56b2d442063461832bfcfcf96770
    :git: https://github.com/pointfreeco/swift-snapshot-testing.git

SPEC CHECKSUMS:
  Alamofire: c7287b6e5d7da964a70935e5db17046b7fde6568
  AlamofireImage: 78d67ccbb763d87ba44b21583d2153500a195630
  Contentful: a23336d4ba99667ed844e570af96ca51347df884
  ContentfulRichTextRenderer: 20b89ee4e11aade03345879249e0430726a097bb
  KIF: f3d01c109ee9d1cfe6b0f2bb2aa278e807e971e2
  SnapshotTesting: 8e0af49655ebf240f5d371a01011efbd372160ab

PODFILE CHECKSUM: fc0269a4140ad2791ad67eb3221e75f0ad2c9612

COCOAPODS: 1.6.0.beta.2
