{
  "object": {
    "pins": [
      {
        "package": "Alamofire",
        "repositoryURL": "https://github.com/Alamofire/Alamofire.git",
        "state": {
          "branch": null,
          "revision": "513364f870f6bfc468f9d2ff0a95caccc10044c5",
          "version": "5.10.2"
        }
      },
      {
        "package": "AlamofireImage",
        "repositoryURL": "https://github.com/Alamofire/AlamofireImage.git",
        "state": {
          "branch": null,
          "revision": "1eaf3b6c6882bed10f6e7b119665599dd2329aa1",
          "version": "4.3.0"
        }
      },
      {
        "package": "Contentful",
        "repositoryURL": "https://github.com/contentful/contentful.swift.git",
        "state": {
          "branch": null,
          "revision": "d4246e940007b48175ba78a4bb90cebe8876e425",
          "version": "5.5.14"
        }
      }
    ]
  },
  "version": 1
}
