PODS:
  - Alamofire (5.2.1)
  - AlamofireImage (4.1.0):
    - Alamofire (~> 5.1)
  - Contentful (5.1.0):
    - Contentful/ImageOptions (= 5.1.0)
  - Contentful/ImageOptions (5.1.0)
  - ContentfulRichTextRenderer (0.1.0)

DEPENDENCIES:
  - AlamofireImage
  - Contentful
  - ContentfulRichTextRenderer (from `ContentfulRichTextRenderer.podspec`)

SPEC REPOS:
  https://github.com/cocoapods/specs.git:
    - Alamofire
    - AlamofireImage
    - Contentful

EXTERNAL SOURCES:
  ContentfulRichTextRenderer:
    :path: ContentfulRichTextRenderer.podspec

SPEC CHECKSUMS:
  Alamofire: e911732990610fe89af59ac0077f923d72dc3dfd
  AlamofireImage: c4a2ba349885fb3064feb74d2e547bd42ce9be10
  Contentful: 2a2439c8f65eb147148042eae220a6fc26acf050
  ContentfulRichTextRenderer: 6f512fbfcb8f68f09d79da8a4b5d5d19118578c7

PODFILE CHECKSUM: 16f58f2608d71d3b5897eb9c82e56c7dde08dd1f

COCOAPODS: 1.6.0.beta.2
