PODS:
  - Alamofire (5.6.4)
  - AlamofireImage (4.2.0):
    - Alamofire (~> 5.4)
  - Contentful (5.5.7):
    - Contentful/ImageOptions (= 5.5.7)
  - Contentful/ImageOptions (5.5.7)
  - ContentfulRichTextRenderer (0.4.5):
    - AlamofireImage (~> 4)
    - Contentful (~> 5)

DEPENDENCIES:
  - AlamofireImage
  - Contentful (~> 5)
  - ContentfulRichTextRenderer (from `ContentfulRichTextRenderer.podspec`)

SPEC REPOS:
  https://github.com/CocoaPods/Specs.git:
    - Alamofire
    - AlamofireImage
    - Contentful

EXTERNAL SOURCES:
  ContentfulRichTextRenderer:
    :path: ContentfulRichTextRenderer.podspec

SPEC CHECKSUMS:
  Alamofire: 4e95d97098eacb88856099c4fc79b526a299e48c
  AlamofireImage: 34a2d90b0e5fe6a5605f85ae4b7b01e784c60192
  Contentful: 65ba623bca2d08d86db886a84ddc7674d9141f92
  ContentfulRichTextRenderer: 074175044c961cd2746a63635992ec5f1940d846

PODFILE CHECKSUM: 77437d5573513cefde0933496e53fd45b3c6f329

COCOAPODS: 1.16.2
