// !$*UTF8*$!
{
	archiveVersion = 1;
	classes = {
	};
	objectVersion = 50;
	objects = {

/* Begin PBXBuildFile section */
		6D0AB89824A28847005419E1 /* RenderableNode.swift in Sources */ = {isa = PBXBuildFile; fileRef = 6D0AB89724A28847005419E1 /* RenderableNode.swift */; };
		6D0AB89A24A28878005419E1 /* RenderableNodeProviding.swift in Sources */ = {isa = PBXBuildFile; fileRef = 6D0AB89924A28878005419E1 /* RenderableNodeProviding.swift */; };
		6D14B1DC24A101E1001F0981 /* NSTextStorage+Attachments.swift in Sources */ = {isa = PBXBuildFile; fileRef = 6D14B1DB24A101E1001F0981 /* NSTextStorage+Attachments.swift */; };
		6D14B1DE24A104FB001F0981 /* Attachment.swift in Sources */ = {isa = PBXBuildFile; fileRef = 6D14B1DD24A104FB001F0981 /* Attachment.swift */; };
		6D14B1E024A105F3001F0981 /* AttachmentRect.swift in Sources */ = {isa = PBXBuildFile; fileRef = 6D14B1DF24A105F3001F0981 /* AttachmentRect.swift */; };
		6D1897E324A35EFC0030542A /* ListContext.swift in Sources */ = {isa = PBXBuildFile; fileRef = 6D1897E224A35EFC0030542A /* ListContext.swift */; };
		6D2714822497D361009ED7FB /* DefaultRendererConfiguration.swift in Sources */ = {isa = PBXBuildFile; fileRef = 6D2714812497D361009ED7FB /* DefaultRendererConfiguration.swift */; };
		6D5277522497B62E00E559A5 /* FontProviding.swift in Sources */ = {isa = PBXBuildFile; fileRef = 6D5277512497B62E00E559A5 /* FontProviding.swift */; };
		6D5277542497B6A000E559A5 /* DefaultFontProvider.swift in Sources */ = {isa = PBXBuildFile; fileRef = 6D5277532497B6A000E559A5 /* DefaultFontProvider.swift */; };
		6D5277562497BA0800E559A5 /* FontProviding+Marks.swift in Sources */ = {isa = PBXBuildFile; fileRef = 6D5277552497BA0800E559A5 /* FontProviding+Marks.swift */; };
		6D52775D2497CC7500E559A5 /* NodeRenderersProviding.swift in Sources */ = {isa = PBXBuildFile; fileRef = 6D52775C2497CC7500E559A5 /* NodeRenderersProviding.swift */; };
		6D52775F2497CCBE00E559A5 /* DefaultRenderersProvider.swift in Sources */ = {isa = PBXBuildFile; fileRef = 6D52775E2497CCBE00E559A5 /* DefaultRenderersProvider.swift */; };
		6D8E196D24A36D2900BD04E4 /* Node+RenderableNodeProviding.swift in Sources */ = {isa = PBXBuildFile; fileRef = 6D8E196C24A36D2900BD04E4 /* Node+RenderableNodeProviding.swift */; };
		6DA0AB352493B88F005D4823 /* TextListConfiguration+Default.swift in Sources */ = {isa = PBXBuildFile; fileRef = 6DA0AB2C2493B88F005D4823 /* TextListConfiguration+Default.swift */; };
		6DA0AB362493B88F005D4823 /* TextConfiguration.swift in Sources */ = {isa = PBXBuildFile; fileRef = 6DA0AB2D2493B88F005D4823 /* TextConfiguration.swift */; };
		6DA0AB372493B88F005D4823 /* HeadingConfiguration+Default.swift in Sources */ = {isa = PBXBuildFile; fileRef = 6DA0AB2E2493B88F005D4823 /* HeadingConfiguration+Default.swift */; };
		6DA0AB382493B88F005D4823 /* TextListConfiguration.swift in Sources */ = {isa = PBXBuildFile; fileRef = 6DA0AB2F2493B88F005D4823 /* TextListConfiguration.swift */; };
		6DA0AB392493B88F005D4823 /* BlockQuoteConfiguration.swift in Sources */ = {isa = PBXBuildFile; fileRef = 6DA0AB302493B88F005D4823 /* BlockQuoteConfiguration.swift */; };
		6DA0AB3A2493B88F005D4823 /* TextConfiguration+Default.swift in Sources */ = {isa = PBXBuildFile; fileRef = 6DA0AB312493B88F005D4823 /* TextConfiguration+Default.swift */; };
		6DA0AB3B2493B88F005D4823 /* BlockQuoteConfiguration+Default.swift in Sources */ = {isa = PBXBuildFile; fileRef = 6DA0AB322493B88F005D4823 /* BlockQuoteConfiguration+Default.swift */; };
		6DA0AB3C2493B88F005D4823 /* RendererConfiguration.swift in Sources */ = {isa = PBXBuildFile; fileRef = 6DA0AB332493B88F005D4823 /* RendererConfiguration.swift */; };
		6DA0AB3D2493B88F005D4823 /* HeadingConfiguration.swift in Sources */ = {isa = PBXBuildFile; fileRef = 6DA0AB342493B88F005D4823 /* HeadingConfiguration.swift */; };
		6DA0AB452493B894005D4823 /* CodingUserInfoKey+Dictionary.swift in Sources */ = {isa = PBXBuildFile; fileRef = 6DA0AB3F2493B894005D4823 /* CodingUserInfoKey+Dictionary.swift */; };
		6DA0AB462493B894005D4823 /* NSAttributedStringKey+Contentful.swift in Sources */ = {isa = PBXBuildFile; fileRef = 6DA0AB402493B894005D4823 /* NSAttributedStringKey+Contentful.swift */; };
		6DA0AB472493B894005D4823 /* NSAttributedString.swift in Sources */ = {isa = PBXBuildFile; fileRef = 6DA0AB412493B894005D4823 /* NSAttributedString.swift */; };
		6DA0AB482493B894005D4823 /* NSMutableAttributedString+ArrayOperations.swift in Sources */ = {isa = PBXBuildFile; fileRef = 6DA0AB422493B894005D4823 /* NSMutableAttributedString+ArrayOperations.swift */; };
		6DA0AB492493B894005D4823 /* CodingUserInfoKey+CustomKeys.swift in Sources */ = {isa = PBXBuildFile; fileRef = 6DA0AB432493B894005D4823 /* CodingUserInfoKey+CustomKeys.swift */; };
		6DA0AB4F2493B898005D4823 /* HeadingFonts.swift in Sources */ = {isa = PBXBuildFile; fileRef = 6DA0AB4C2493B898005D4823 /* HeadingFonts.swift */; };
		6DA0AB502493B898005D4823 /* HeadingLevel.swift in Sources */ = {isa = PBXBuildFile; fileRef = 6DA0AB4D2493B898005D4823 /* HeadingLevel.swift */; };
		6DA0AB512493B898005D4823 /* HeadingFonts+Default.swift in Sources */ = {isa = PBXBuildFile; fileRef = 6DA0AB4E2493B898005D4823 /* HeadingFonts+Default.swift */; };
		6DA0AB6B2493B89C005D4823 /* TextRenderer.swift in Sources */ = {isa = PBXBuildFile; fileRef = 6DA0AB532493B89B005D4823 /* TextRenderer.swift */; };
		6DA0AB6C2493B89C005D4823 /* BlockQuoteRenderer.swift in Sources */ = {isa = PBXBuildFile; fileRef = 6DA0AB542493B89B005D4823 /* BlockQuoteRenderer.swift */; };
		6DA0AB6D2493B89C005D4823 /* UnorderedListRenderer.swift in Sources */ = {isa = PBXBuildFile; fileRef = 6DA0AB552493B89B005D4823 /* UnorderedListRenderer.swift */; };
		6DA0AB6E2493B89C005D4823 /* HyperlinkRenderer.swift in Sources */ = {isa = PBXBuildFile; fileRef = 6DA0AB562493B89B005D4823 /* HyperlinkRenderer.swift */; };
		6DA0AB6F2493B89C005D4823 /* OrderedListRenderer.swift in Sources */ = {isa = PBXBuildFile; fileRef = 6DA0AB572493B89C005D4823 /* OrderedListRenderer.swift */; };
		6DA0AB702493B89C005D4823 /* ListItemRenderer.swift in Sources */ = {isa = PBXBuildFile; fileRef = 6DA0AB582493B89C005D4823 /* ListItemRenderer.swift */; };
		6DA0AB712493B89C005D4823 /* HeadingRenderer.swift in Sources */ = {isa = PBXBuildFile; fileRef = 6DA0AB592493B89C005D4823 /* HeadingRenderer.swift */; };
		6DA0AB722493B89C005D4823 /* ResourceLinkInlineRenderer.swift in Sources */ = {isa = PBXBuildFile; fileRef = 6DA0AB5B2493B89C005D4823 /* ResourceLinkInlineRenderer.swift */; };
		6DA0AB732493B89C005D4823 /* ResourceLinkInlineStringProviding.swift in Sources */ = {isa = PBXBuildFile; fileRef = 6DA0AB5C2493B89C005D4823 /* ResourceLinkInlineStringProviding.swift */; };
		6DA0AB752493B89C005D4823 /* NodeRendering.swift in Sources */ = {isa = PBXBuildFile; fileRef = 6DA0AB5E2493B89C005D4823 /* NodeRendering.swift */; };
		6DA0AB772493B89C005D4823 /* ResourceLinkBlockViewProviding.swift in Sources */ = {isa = PBXBuildFile; fileRef = 6DA0AB612493B89C005D4823 /* ResourceLinkBlockViewProviding.swift */; };
		6DA0AB7A2493B89C005D4823 /* ResourceLinkBlockRenderer.swift in Sources */ = {isa = PBXBuildFile; fileRef = 6DA0AB642493B89C005D4823 /* ResourceLinkBlockRenderer.swift */; };
		6DA0AB7B2493B89C005D4823 /* ResourceLinkBlockViewRepresentable.swift in Sources */ = {isa = PBXBuildFile; fileRef = 6DA0AB652493B89C005D4823 /* ResourceLinkBlockViewRepresentable.swift */; };
		6DA0AB7C2493B89C005D4823 /* ParagraphRenderer.swift in Sources */ = {isa = PBXBuildFile; fileRef = 6DA0AB662493B89C005D4823 /* ParagraphRenderer.swift */; };
		6DA0AB7D2493B89C005D4823 /* HorizontalRuleRenderer.swift in Sources */ = {isa = PBXBuildFile; fileRef = 6DA0AB682493B89C005D4823 /* HorizontalRuleRenderer.swift */; };
		6DA0AB7E2493B89C005D4823 /* HorizontalRuleViewProvider.swift in Sources */ = {isa = PBXBuildFile; fileRef = 6DA0AB692493B89C005D4823 /* HorizontalRuleViewProvider.swift */; };
		6DA0AB7F2493B89C005D4823 /* HorizontalRuleViewProviding.swift in Sources */ = {isa = PBXBuildFile; fileRef = 6DA0AB6A2493B89C005D4823 /* HorizontalRuleViewProviding.swift */; };
		6DA0AB822493B8A4005D4823 /* CrossPlatformTypes.swift in Sources */ = {isa = PBXBuildFile; fileRef = 6DA0AB812493B8A4005D4823 /* CrossPlatformTypes.swift */; };
		6DA0AB862493B8A7005D4823 /* RichTextDocumentRenderer.swift in Sources */ = {isa = PBXBuildFile; fileRef = 6DA0AB842493B8A7005D4823 /* RichTextDocumentRenderer.swift */; };
		6DA0AB872493B8A7005D4823 /* RichTextDocumentRendering.swift in Sources */ = {isa = PBXBuildFile; fileRef = 6DA0AB852493B8A7005D4823 /* RichTextDocumentRendering.swift */; };
		6DA0AB912493B8C0005D4823 /* RichTextViewController.swift in Sources */ = {isa = PBXBuildFile; fileRef = 6DA0AB8E2493B8C0005D4823 /* RichTextViewController.swift */; };
		6DCFA8F42497F2F8002D59B3 /* Alamofire.framework in Frameworks */ = {isa = PBXBuildFile; fileRef = 6DCFA8F32497F2F8002D59B3 /* Alamofire.framework */; };
		6DCFA8F52497F2F8002D59B3 /* Alamofire.framework in Embed Frameworks */ = {isa = PBXBuildFile; fileRef = 6DCFA8F32497F2F8002D59B3 /* Alamofire.framework */; settings = {ATTRIBUTES = (CodeSignOnCopy, RemoveHeadersOnCopy, ); }; };
		6DCFA8F82497F307002D59B3 /* AlamofireImage.framework in Frameworks */ = {isa = PBXBuildFile; fileRef = 6DCFA8F72497F307002D59B3 /* AlamofireImage.framework */; };
		6DCFA8F92497F307002D59B3 /* AlamofireImage.framework in Embed Frameworks */ = {isa = PBXBuildFile; fileRef = 6DCFA8F72497F307002D59B3 /* AlamofireImage.framework */; settings = {ATTRIBUTES = (CodeSignOnCopy, RemoveHeadersOnCopy, ); }; };
		6DCFA8FB2497F316002D59B3 /* Contentful.framework in Frameworks */ = {isa = PBXBuildFile; fileRef = 6DCFA8FA2497F316002D59B3 /* Contentful.framework */; };
		6DCFA8FC2497F316002D59B3 /* Contentful.framework in Embed Frameworks */ = {isa = PBXBuildFile; fileRef = 6DCFA8FA2497F316002D59B3 /* Contentful.framework */; settings = {ATTRIBUTES = (CodeSignOnCopy, RemoveHeadersOnCopy, ); }; };
		6DF3ED15249E226100FEAFA7 /* ResourceLinkBlockImageView.swift in Sources */ = {isa = PBXBuildFile; fileRef = 6DF3ED14249E226100FEAFA7 /* ResourceLinkBlockImageView.swift */; };
		6DF3ED17249E2A2E00FEAFA7 /* RichTextLayoutManager.swift in Sources */ = {isa = PBXBuildFile; fileRef = 6DF3ED16249E2A2E00FEAFA7 /* RichTextLayoutManager.swift */; };
		6DF3ED19249E2A4B00FEAFA7 /* RichTextContainer.swift in Sources */ = {isa = PBXBuildFile; fileRef = 6DF3ED18249E2A4B00FEAFA7 /* RichTextContainer.swift */; };
/* End PBXBuildFile section */

/* Begin PBXCopyFilesBuildPhase section */
		6DCFA8F62497F2F9002D59B3 /* Embed Frameworks */ = {
			isa = PBXCopyFilesBuildPhase;
			buildActionMask = 2147483647;
			dstPath = "";
			dstSubfolderSpec = 10;
			files = (
				6DCFA8FC2497F316002D59B3 /* Contentful.framework in Embed Frameworks */,
				6DCFA8F52497F2F8002D59B3 /* Alamofire.framework in Embed Frameworks */,
				6DCFA8F92497F307002D59B3 /* AlamofireImage.framework in Embed Frameworks */,
			);
			name = "Embed Frameworks";
			runOnlyForDeploymentPostprocessing = 0;
		};
/* End PBXCopyFilesBuildPhase section */

/* Begin PBXFileReference section */
		6D0AB89724A28847005419E1 /* RenderableNode.swift */ = {isa = PBXFileReference; lastKnownFileType = sourcecode.swift; path = RenderableNode.swift; sourceTree = "<group>"; };
		6D0AB89924A28878005419E1 /* RenderableNodeProviding.swift */ = {isa = PBXFileReference; lastKnownFileType = sourcecode.swift; path = RenderableNodeProviding.swift; sourceTree = "<group>"; };
		6D14B1DB24A101E1001F0981 /* NSTextStorage+Attachments.swift */ = {isa = PBXFileReference; lastKnownFileType = sourcecode.swift; path = "NSTextStorage+Attachments.swift"; sourceTree = "<group>"; };
		6D14B1DD24A104FB001F0981 /* Attachment.swift */ = {isa = PBXFileReference; lastKnownFileType = sourcecode.swift; path = Attachment.swift; sourceTree = "<group>"; };
		6D14B1DF24A105F3001F0981 /* AttachmentRect.swift */ = {isa = PBXFileReference; lastKnownFileType = sourcecode.swift; path = AttachmentRect.swift; sourceTree = "<group>"; };
		6D1897E224A35EFC0030542A /* ListContext.swift */ = {isa = PBXFileReference; lastKnownFileType = sourcecode.swift; path = ListContext.swift; sourceTree = "<group>"; };
		6D2714812497D361009ED7FB /* DefaultRendererConfiguration.swift */ = {isa = PBXFileReference; lastKnownFileType = sourcecode.swift; path = DefaultRendererConfiguration.swift; sourceTree = "<group>"; };
		6D5277512497B62E00E559A5 /* FontProviding.swift */ = {isa = PBXFileReference; lastKnownFileType = sourcecode.swift; path = FontProviding.swift; sourceTree = "<group>"; };
		6D5277532497B6A000E559A5 /* DefaultFontProvider.swift */ = {isa = PBXFileReference; lastKnownFileType = sourcecode.swift; path = DefaultFontProvider.swift; sourceTree = "<group>"; };
		6D5277552497BA0800E559A5 /* FontProviding+Marks.swift */ = {isa = PBXFileReference; lastKnownFileType = sourcecode.swift; path = "FontProviding+Marks.swift"; sourceTree = "<group>"; };
		6D52775C2497CC7500E559A5 /* NodeRenderersProviding.swift */ = {isa = PBXFileReference; lastKnownFileType = sourcecode.swift; path = NodeRenderersProviding.swift; sourceTree = "<group>"; };
		6D52775E2497CCBE00E559A5 /* DefaultRenderersProvider.swift */ = {isa = PBXFileReference; lastKnownFileType = sourcecode.swift; path = DefaultRenderersProvider.swift; sourceTree = "<group>"; };
		6D8E196C24A36D2900BD04E4 /* Node+RenderableNodeProviding.swift */ = {isa = PBXFileReference; lastKnownFileType = sourcecode.swift; path = "Node+RenderableNodeProviding.swift"; sourceTree = "<group>"; };
		6DA0AB1E2493B32C005D4823 /* RichTextRenderer.framework */ = {isa = PBXFileReference; explicitFileType = wrapper.framework; includeInIndex = 0; path = RichTextRenderer.framework; sourceTree = BUILT_PRODUCTS_DIR; };
		6DA0AB2C2493B88F005D4823 /* TextListConfiguration+Default.swift */ = {isa = PBXFileReference; fileEncoding = 4; lastKnownFileType = sourcecode.swift; path = "TextListConfiguration+Default.swift"; sourceTree = "<group>"; };
		6DA0AB2D2493B88F005D4823 /* TextConfiguration.swift */ = {isa = PBXFileReference; fileEncoding = 4; lastKnownFileType = sourcecode.swift; path = TextConfiguration.swift; sourceTree = "<group>"; };
		6DA0AB2E2493B88F005D4823 /* HeadingConfiguration+Default.swift */ = {isa = PBXFileReference; fileEncoding = 4; lastKnownFileType = sourcecode.swift; path = "HeadingConfiguration+Default.swift"; sourceTree = "<group>"; };
		6DA0AB2F2493B88F005D4823 /* TextListConfiguration.swift */ = {isa = PBXFileReference; fileEncoding = 4; lastKnownFileType = sourcecode.swift; path = TextListConfiguration.swift; sourceTree = "<group>"; };
		6DA0AB302493B88F005D4823 /* BlockQuoteConfiguration.swift */ = {isa = PBXFileReference; fileEncoding = 4; lastKnownFileType = sourcecode.swift; path = BlockQuoteConfiguration.swift; sourceTree = "<group>"; };
		6DA0AB312493B88F005D4823 /* TextConfiguration+Default.swift */ = {isa = PBXFileReference; fileEncoding = 4; lastKnownFileType = sourcecode.swift; path = "TextConfiguration+Default.swift"; sourceTree = "<group>"; };
		6DA0AB322493B88F005D4823 /* BlockQuoteConfiguration+Default.swift */ = {isa = PBXFileReference; fileEncoding = 4; lastKnownFileType = sourcecode.swift; path = "BlockQuoteConfiguration+Default.swift"; sourceTree = "<group>"; };
		6DA0AB332493B88F005D4823 /* RendererConfiguration.swift */ = {isa = PBXFileReference; fileEncoding = 4; lastKnownFileType = sourcecode.swift; path = RendererConfiguration.swift; sourceTree = "<group>"; };
		6DA0AB342493B88F005D4823 /* HeadingConfiguration.swift */ = {isa = PBXFileReference; fileEncoding = 4; lastKnownFileType = sourcecode.swift; path = HeadingConfiguration.swift; sourceTree = "<group>"; };
		6DA0AB3F2493B894005D4823 /* CodingUserInfoKey+Dictionary.swift */ = {isa = PBXFileReference; fileEncoding = 4; lastKnownFileType = sourcecode.swift; path = "CodingUserInfoKey+Dictionary.swift"; sourceTree = "<group>"; };
		6DA0AB402493B894005D4823 /* NSAttributedStringKey+Contentful.swift */ = {isa = PBXFileReference; fileEncoding = 4; lastKnownFileType = sourcecode.swift; path = "NSAttributedStringKey+Contentful.swift"; sourceTree = "<group>"; };
		6DA0AB412493B894005D4823 /* NSAttributedString.swift */ = {isa = PBXFileReference; fileEncoding = 4; lastKnownFileType = sourcecode.swift; path = NSAttributedString.swift; sourceTree = "<group>"; };
		6DA0AB422493B894005D4823 /* NSMutableAttributedString+ArrayOperations.swift */ = {isa = PBXFileReference; fileEncoding = 4; lastKnownFileType = sourcecode.swift; path = "NSMutableAttributedString+ArrayOperations.swift"; sourceTree = "<group>"; };
		6DA0AB432493B894005D4823 /* CodingUserInfoKey+CustomKeys.swift */ = {isa = PBXFileReference; fileEncoding = 4; lastKnownFileType = sourcecode.swift; path = "CodingUserInfoKey+CustomKeys.swift"; sourceTree = "<group>"; };
		6DA0AB4C2493B898005D4823 /* HeadingFonts.swift */ = {isa = PBXFileReference; fileEncoding = 4; lastKnownFileType = sourcecode.swift; path = HeadingFonts.swift; sourceTree = "<group>"; };
		6DA0AB4D2493B898005D4823 /* HeadingLevel.swift */ = {isa = PBXFileReference; fileEncoding = 4; lastKnownFileType = sourcecode.swift; path = HeadingLevel.swift; sourceTree = "<group>"; };
		6DA0AB4E2493B898005D4823 /* HeadingFonts+Default.swift */ = {isa = PBXFileReference; fileEncoding = 4; lastKnownFileType = sourcecode.swift; path = "HeadingFonts+Default.swift"; sourceTree = "<group>"; };
		6DA0AB532493B89B005D4823 /* TextRenderer.swift */ = {isa = PBXFileReference; fileEncoding = 4; lastKnownFileType = sourcecode.swift; path = TextRenderer.swift; sourceTree = "<group>"; };
		6DA0AB542493B89B005D4823 /* BlockQuoteRenderer.swift */ = {isa = PBXFileReference; fileEncoding = 4; lastKnownFileType = sourcecode.swift; path = BlockQuoteRenderer.swift; sourceTree = "<group>"; };
		6DA0AB552493B89B005D4823 /* UnorderedListRenderer.swift */ = {isa = PBXFileReference; fileEncoding = 4; lastKnownFileType = sourcecode.swift; path = UnorderedListRenderer.swift; sourceTree = "<group>"; };
		6DA0AB562493B89B005D4823 /* HyperlinkRenderer.swift */ = {isa = PBXFileReference; fileEncoding = 4; lastKnownFileType = sourcecode.swift; path = HyperlinkRenderer.swift; sourceTree = "<group>"; };
		6DA0AB572493B89C005D4823 /* OrderedListRenderer.swift */ = {isa = PBXFileReference; fileEncoding = 4; lastKnownFileType = sourcecode.swift; path = OrderedListRenderer.swift; sourceTree = "<group>"; };
		6DA0AB582493B89C005D4823 /* ListItemRenderer.swift */ = {isa = PBXFileReference; fileEncoding = 4; lastKnownFileType = sourcecode.swift; path = ListItemRenderer.swift; sourceTree = "<group>"; };
		6DA0AB592493B89C005D4823 /* HeadingRenderer.swift */ = {isa = PBXFileReference; fileEncoding = 4; lastKnownFileType = sourcecode.swift; path = HeadingRenderer.swift; sourceTree = "<group>"; };
		6DA0AB5B2493B89C005D4823 /* ResourceLinkInlineRenderer.swift */ = {isa = PBXFileReference; fileEncoding = 4; lastKnownFileType = sourcecode.swift; path = ResourceLinkInlineRenderer.swift; sourceTree = "<group>"; };
		6DA0AB5C2493B89C005D4823 /* ResourceLinkInlineStringProviding.swift */ = {isa = PBXFileReference; fileEncoding = 4; lastKnownFileType = sourcecode.swift; path = ResourceLinkInlineStringProviding.swift; sourceTree = "<group>"; };
		6DA0AB5E2493B89C005D4823 /* NodeRendering.swift */ = {isa = PBXFileReference; fileEncoding = 4; lastKnownFileType = sourcecode.swift; path = NodeRendering.swift; sourceTree = "<group>"; };
		6DA0AB612493B89C005D4823 /* ResourceLinkBlockViewProviding.swift */ = {isa = PBXFileReference; fileEncoding = 4; lastKnownFileType = sourcecode.swift; path = ResourceLinkBlockViewProviding.swift; sourceTree = "<group>"; };
		6DA0AB642493B89C005D4823 /* ResourceLinkBlockRenderer.swift */ = {isa = PBXFileReference; fileEncoding = 4; lastKnownFileType = sourcecode.swift; path = ResourceLinkBlockRenderer.swift; sourceTree = "<group>"; };
		6DA0AB652493B89C005D4823 /* ResourceLinkBlockViewRepresentable.swift */ = {isa = PBXFileReference; fileEncoding = 4; lastKnownFileType = sourcecode.swift; path = ResourceLinkBlockViewRepresentable.swift; sourceTree = "<group>"; };
		6DA0AB662493B89C005D4823 /* ParagraphRenderer.swift */ = {isa = PBXFileReference; fileEncoding = 4; lastKnownFileType = sourcecode.swift; path = ParagraphRenderer.swift; sourceTree = "<group>"; };
		6DA0AB682493B89C005D4823 /* HorizontalRuleRenderer.swift */ = {isa = PBXFileReference; fileEncoding = 4; lastKnownFileType = sourcecode.swift; path = HorizontalRuleRenderer.swift; sourceTree = "<group>"; };
		6DA0AB692493B89C005D4823 /* HorizontalRuleViewProvider.swift */ = {isa = PBXFileReference; fileEncoding = 4; lastKnownFileType = sourcecode.swift; path = HorizontalRuleViewProvider.swift; sourceTree = "<group>"; };
		6DA0AB6A2493B89C005D4823 /* HorizontalRuleViewProviding.swift */ = {isa = PBXFileReference; fileEncoding = 4; lastKnownFileType = sourcecode.swift; path = HorizontalRuleViewProviding.swift; sourceTree = "<group>"; };
		6DA0AB812493B8A4005D4823 /* CrossPlatformTypes.swift */ = {isa = PBXFileReference; fileEncoding = 4; lastKnownFileType = sourcecode.swift; path = CrossPlatformTypes.swift; sourceTree = "<group>"; };
		6DA0AB842493B8A7005D4823 /* RichTextDocumentRenderer.swift */ = {isa = PBXFileReference; fileEncoding = 4; lastKnownFileType = sourcecode.swift; path = RichTextDocumentRenderer.swift; sourceTree = "<group>"; };
		6DA0AB852493B8A7005D4823 /* RichTextDocumentRendering.swift */ = {isa = PBXFileReference; fileEncoding = 4; lastKnownFileType = sourcecode.swift; path = RichTextDocumentRendering.swift; sourceTree = "<group>"; };
		6DA0AB8A2493B8B6005D4823 /* Info.plist */ = {isa = PBXFileReference; fileEncoding = 4; lastKnownFileType = text.plist.xml; path = Info.plist; sourceTree = "<group>"; };
		6DA0AB8E2493B8C0005D4823 /* RichTextViewController.swift */ = {isa = PBXFileReference; fileEncoding = 4; lastKnownFileType = sourcecode.swift; path = RichTextViewController.swift; sourceTree = "<group>"; };
		6DA0AB962493C884005D4823 /* Config.xcconfig */ = {isa = PBXFileReference; lastKnownFileType = text.xcconfig; path = Config.xcconfig; sourceTree = "<group>"; };
		6DA0AB972493C966005D4823 /* Debug.xcconfig */ = {isa = PBXFileReference; lastKnownFileType = text.xcconfig; path = Debug.xcconfig; sourceTree = "<group>"; };
		6DA0AB982493C983005D4823 /* FrameworkConfig.xcconfig */ = {isa = PBXFileReference; lastKnownFileType = text.xcconfig; path = FrameworkConfig.xcconfig; sourceTree = "<group>"; };
		6DA0AB992493C9AA005D4823 /* DebugFramework.xcconfig */ = {isa = PBXFileReference; lastKnownFileType = text.xcconfig; path = DebugFramework.xcconfig; sourceTree = "<group>"; };
		6DA0AB9A2493C9B9005D4823 /* Release.xcconfig */ = {isa = PBXFileReference; lastKnownFileType = text.xcconfig; path = Release.xcconfig; sourceTree = "<group>"; };
		6DA0AB9B2493C9C9005D4823 /* ReleaseFramework.xcconfig */ = {isa = PBXFileReference; lastKnownFileType = text.xcconfig; path = ReleaseFramework.xcconfig; sourceTree = "<group>"; };
		6DA0AB9C2493C9D6005D4823 /* UnitTests.xcconfig */ = {isa = PBXFileReference; lastKnownFileType = text.xcconfig; path = UnitTests.xcconfig; sourceTree = "<group>"; };
		6DCFA8F32497F2F8002D59B3 /* Alamofire.framework */ = {isa = PBXFileReference; lastKnownFileType = wrapper.framework; name = Alamofire.framework; path = Carthage/Build/iOS/Alamofire.framework; sourceTree = "<group>"; };
		6DCFA8F72497F307002D59B3 /* AlamofireImage.framework */ = {isa = PBXFileReference; lastKnownFileType = wrapper.framework; name = AlamofireImage.framework; path = Carthage/Build/iOS/AlamofireImage.framework; sourceTree = "<group>"; };
		6DCFA8FA2497F316002D59B3 /* Contentful.framework */ = {isa = PBXFileReference; lastKnownFileType = wrapper.framework; name = Contentful.framework; path = Carthage/Build/iOS/Contentful.framework; sourceTree = "<group>"; };
		6DF3ED14249E226100FEAFA7 /* ResourceLinkBlockImageView.swift */ = {isa = PBXFileReference; lastKnownFileType = sourcecode.swift; path = ResourceLinkBlockImageView.swift; sourceTree = "<group>"; };
		6DF3ED16249E2A2E00FEAFA7 /* RichTextLayoutManager.swift */ = {isa = PBXFileReference; lastKnownFileType = sourcecode.swift; path = RichTextLayoutManager.swift; sourceTree = "<group>"; };
		6DF3ED18249E2A4B00FEAFA7 /* RichTextContainer.swift */ = {isa = PBXFileReference; lastKnownFileType = sourcecode.swift; path = RichTextContainer.swift; sourceTree = "<group>"; };
/* End PBXFileReference section */

/* Begin PBXFrameworksBuildPhase section */
		6DA0AB1B2493B32C005D4823 /* Frameworks */ = {
			isa = PBXFrameworksBuildPhase;
			buildActionMask = 2147483647;
			files = (
				6DCFA8FB2497F316002D59B3 /* Contentful.framework in Frameworks */,
				6DCFA8F42497F2F8002D59B3 /* Alamofire.framework in Frameworks */,
				6DCFA8F82497F307002D59B3 /* AlamofireImage.framework in Frameworks */,
			);
			runOnlyForDeploymentPostprocessing = 0;
		};
/* End PBXFrameworksBuildPhase section */

/* Begin PBXGroup section */
		6D0AB89B24A28E01005419E1 /* Heading */ = {
			isa = PBXGroup;
			children = (
				6DA0AB592493B89C005D4823 /* HeadingRenderer.swift */,
			);
			path = Heading;
			sourceTree = "<group>";
		};
		6D0AB89E24A28F70005419E1 /* BlockQuote */ = {
			isa = PBXGroup;
			children = (
				6DA0AB542493B89B005D4823 /* BlockQuoteRenderer.swift */,
			);
			path = BlockQuote;
			sourceTree = "<group>";
		};
		6D0AB89F24A290AF005419E1 /* Hyperlink */ = {
			isa = PBXGroup;
			children = (
				6DA0AB562493B89B005D4823 /* HyperlinkRenderer.swift */,
			);
			path = Hyperlink;
			sourceTree = "<group>";
		};
		6D1897DE24A359B00030542A /* Text */ = {
			isa = PBXGroup;
			children = (
				6DA0AB532493B89B005D4823 /* TextRenderer.swift */,
			);
			path = Text;
			sourceTree = "<group>";
		};
		6D1897DF24A359BA0030542A /* Paragraph */ = {
			isa = PBXGroup;
			children = (
				6DA0AB662493B89C005D4823 /* ParagraphRenderer.swift */,
			);
			path = Paragraph;
			sourceTree = "<group>";
		};
		6D1897E024A35AC90030542A /* OrderedList */ = {
			isa = PBXGroup;
			children = (
				6DA0AB572493B89C005D4823 /* OrderedListRenderer.swift */,
			);
			path = OrderedList;
			sourceTree = "<group>";
		};
		6D1897E124A35D2C0030542A /* UnorderedList */ = {
			isa = PBXGroup;
			children = (
				6DA0AB552493B89B005D4823 /* UnorderedListRenderer.swift */,
			);
			path = UnorderedList;
			sourceTree = "<group>";
		};
		6D1897E424A35FA70030542A /* ListItem */ = {
			isa = PBXGroup;
			children = (
				6DA0AB582493B89C005D4823 /* ListItemRenderer.swift */,
			);
			path = ListItem;
			sourceTree = "<group>";
		};
		6DA0AB142493B32C005D4823 = {
			isa = PBXGroup;
			children = (
				6DA0AB202493B32C005D4823 /* RichTextRenderer */,
				6DA0AB1F2493B32C005D4823 /* Products */,
				6DCFA8E82497E8FE002D59B3 /* Frameworks */,
			);
			sourceTree = "<group>";
		};
		6DA0AB1F2493B32C005D4823 /* Products */ = {
			isa = PBXGroup;
			children = (
				6DA0AB1E2493B32C005D4823 /* RichTextRenderer.framework */,
			);
			name = Products;
			sourceTree = "<group>";
		};
		6DA0AB202493B32C005D4823 /* RichTextRenderer */ = {
			isa = PBXGroup;
			children = (
				6DA0AB952493C877005D4823 /* Configs */,
				6DA0AB2B2493B88F005D4823 /* Configuration */,
				6DA0AB3E2493B894005D4823 /* Extensions */,
				6DA0AB9D2493CD6F005D4823 /* iOS */,
				6DA0AB4B2493B898005D4823 /* Models */,
				6DA0AB522493B89B005D4823 /* NodeRenderers */,
				6DA0AB802493B8A4005D4823 /* Platforms */,
				6DA0AB832493B8A7005D4823 /* Renderer */,
				6DA0AB892493B8B6005D4823 /* Resources */,
			);
			name = RichTextRenderer;
			sourceTree = "<group>";
		};
		6DA0AB2B2493B88F005D4823 /* Configuration */ = {
			isa = PBXGroup;
			children = (
				6DA0AB302493B88F005D4823 /* BlockQuoteConfiguration.swift */,
				6DA0AB322493B88F005D4823 /* BlockQuoteConfiguration+Default.swift */,
				6D5277512497B62E00E559A5 /* FontProviding.swift */,
				6DA0AB342493B88F005D4823 /* HeadingConfiguration.swift */,
				6DA0AB2E2493B88F005D4823 /* HeadingConfiguration+Default.swift */,
				6DA0AB2D2493B88F005D4823 /* TextConfiguration.swift */,
				6DA0AB312493B88F005D4823 /* TextConfiguration+Default.swift */,
				6DA0AB2F2493B88F005D4823 /* TextListConfiguration.swift */,
				6DA0AB2C2493B88F005D4823 /* TextListConfiguration+Default.swift */,
			);
			path = Configuration;
			sourceTree = "<group>";
		};
		6DA0AB3E2493B894005D4823 /* Extensions */ = {
			isa = PBXGroup;
			children = (
				6DA0AB432493B894005D4823 /* CodingUserInfoKey+CustomKeys.swift */,
				6DA0AB3F2493B894005D4823 /* CodingUserInfoKey+Dictionary.swift */,
				6D5277552497BA0800E559A5 /* FontProviding+Marks.swift */,
				6D8E196C24A36D2900BD04E4 /* Node+RenderableNodeProviding.swift */,
				6DA0AB412493B894005D4823 /* NSAttributedString.swift */,
				6DA0AB402493B894005D4823 /* NSAttributedStringKey+Contentful.swift */,
				6DA0AB422493B894005D4823 /* NSMutableAttributedString+ArrayOperations.swift */,
				6D14B1DB24A101E1001F0981 /* NSTextStorage+Attachments.swift */,
			);
			path = Extensions;
			sourceTree = "<group>";
		};
		6DA0AB4B2493B898005D4823 /* Models */ = {
			isa = PBXGroup;
			children = (
				6D14B1DD24A104FB001F0981 /* Attachment.swift */,
				6D14B1DF24A105F3001F0981 /* AttachmentRect.swift */,
				6DA0AB4C2493B898005D4823 /* HeadingFonts.swift */,
				6DA0AB4E2493B898005D4823 /* HeadingFonts+Default.swift */,
				6DA0AB4D2493B898005D4823 /* HeadingLevel.swift */,
				6D1897E224A35EFC0030542A /* ListContext.swift */,
				6D0AB89724A28847005419E1 /* RenderableNode.swift */,
				6D0AB89924A28878005419E1 /* RenderableNodeProviding.swift */,
			);
			path = Models;
			sourceTree = "<group>";
		};
		6DA0AB522493B89B005D4823 /* NodeRenderers */ = {
			isa = PBXGroup;
			children = (
				6DA0AB5E2493B89C005D4823 /* NodeRendering.swift */,
				6D0AB89E24A28F70005419E1 /* BlockQuote */,
				6D0AB89B24A28E01005419E1 /* Heading */,
				6DA0AB672493B89C005D4823 /* HorizontalRule */,
				6D0AB89F24A290AF005419E1 /* Hyperlink */,
				6D1897E424A35FA70030542A /* ListItem */,
				6D1897E024A35AC90030542A /* OrderedList */,
				6D1897DF24A359BA0030542A /* Paragraph */,
				6DA0AB602493B89C005D4823 /* ResourceLinkBlock */,
				6DA0AB5A2493B89C005D4823 /* ResourceLinkInline */,
				6D1897DE24A359B00030542A /* Text */,
				6D1897E124A35D2C0030542A /* UnorderedList */,
			);
			path = NodeRenderers;
			sourceTree = "<group>";
		};
		6DA0AB5A2493B89C005D4823 /* ResourceLinkInline */ = {
			isa = PBXGroup;
			children = (
				6DA0AB5B2493B89C005D4823 /* ResourceLinkInlineRenderer.swift */,
				6DA0AB5C2493B89C005D4823 /* ResourceLinkInlineStringProviding.swift */,
			);
			path = ResourceLinkInline;
			sourceTree = "<group>";
		};
		6DA0AB602493B89C005D4823 /* ResourceLinkBlock */ = {
			isa = PBXGroup;
			children = (
				6DF3ED14249E226100FEAFA7 /* ResourceLinkBlockImageView.swift */,
				6DA0AB642493B89C005D4823 /* ResourceLinkBlockRenderer.swift */,
				6DA0AB612493B89C005D4823 /* ResourceLinkBlockViewProviding.swift */,
				6DA0AB652493B89C005D4823 /* ResourceLinkBlockViewRepresentable.swift */,
			);
			path = ResourceLinkBlock;
			sourceTree = "<group>";
		};
		6DA0AB672493B89C005D4823 /* HorizontalRule */ = {
			isa = PBXGroup;
			children = (
				6DA0AB682493B89C005D4823 /* HorizontalRuleRenderer.swift */,
				6DA0AB692493B89C005D4823 /* HorizontalRuleViewProvider.swift */,
				6DA0AB6A2493B89C005D4823 /* HorizontalRuleViewProviding.swift */,
			);
			path = HorizontalRule;
			sourceTree = "<group>";
		};
		6DA0AB802493B8A4005D4823 /* Platforms */ = {
			isa = PBXGroup;
			children = (
				6DA0AB812493B8A4005D4823 /* CrossPlatformTypes.swift */,
			);
			path = Platforms;
			sourceTree = "<group>";
		};
		6DA0AB832493B8A7005D4823 /* Renderer */ = {
			isa = PBXGroup;
			children = (
				6D52775C2497CC7500E559A5 /* NodeRenderersProviding.swift */,
				6DA0AB332493B88F005D4823 /* RendererConfiguration.swift */,
				6DA0AB842493B8A7005D4823 /* RichTextDocumentRenderer.swift */,
				6DA0AB852493B8A7005D4823 /* RichTextDocumentRendering.swift */,
				6DB5A25F2497B1B400382976 /* Default */,
			);
			path = Renderer;
			sourceTree = "<group>";
		};
		6DA0AB892493B8B6005D4823 /* Resources */ = {
			isa = PBXGroup;
			children = (
				6DA0AB8A2493B8B6005D4823 /* Info.plist */,
			);
			path = Resources;
			sourceTree = "<group>";
		};
		6DA0AB952493C877005D4823 /* Configs */ = {
			isa = PBXGroup;
			children = (
				6DA0AB962493C884005D4823 /* Config.xcconfig */,
				6DA0AB972493C966005D4823 /* Debug.xcconfig */,
				6DA0AB982493C983005D4823 /* FrameworkConfig.xcconfig */,
				6DA0AB992493C9AA005D4823 /* DebugFramework.xcconfig */,
				6DA0AB9A2493C9B9005D4823 /* Release.xcconfig */,
				6DA0AB9B2493C9C9005D4823 /* ReleaseFramework.xcconfig */,
				6DA0AB9C2493C9D6005D4823 /* UnitTests.xcconfig */,
			);
			path = Configs;
			sourceTree = "<group>";
		};
		6DA0AB9D2493CD6F005D4823 /* iOS */ = {
			isa = PBXGroup;
			children = (
				6DA0AB8E2493B8C0005D4823 /* RichTextViewController.swift */,
				6DF3ED16249E2A2E00FEAFA7 /* RichTextLayoutManager.swift */,
				6DF3ED18249E2A4B00FEAFA7 /* RichTextContainer.swift */,
			);
			path = iOS;
			sourceTree = "<group>";
		};
		6DB5A25F2497B1B400382976 /* Default */ = {
			isa = PBXGroup;
			children = (
				6D5277532497B6A000E559A5 /* DefaultFontProvider.swift */,
				6D2714812497D361009ED7FB /* DefaultRendererConfiguration.swift */,
				6D52775E2497CCBE00E559A5 /* DefaultRenderersProvider.swift */,
			);
			path = Default;
			sourceTree = "<group>";
		};
		6DCFA8E82497E8FE002D59B3 /* Frameworks */ = {
			isa = PBXGroup;
			children = (
				6DCFA8FA2497F316002D59B3 /* Contentful.framework */,
				6DCFA8F72497F307002D59B3 /* AlamofireImage.framework */,
				6DCFA8F32497F2F8002D59B3 /* Alamofire.framework */,
			);
			name = Frameworks;
			sourceTree = "<group>";
		};
/* End PBXGroup section */

/* Begin PBXHeadersBuildPhase section */
		6DA0AB192493B32C005D4823 /* Headers */ = {
			isa = PBXHeadersBuildPhase;
			buildActionMask = 2147483647;
			files = (
			);
			runOnlyForDeploymentPostprocessing = 0;
		};
/* End PBXHeadersBuildPhase section */

/* Begin PBXNativeTarget section */
		6DA0AB1D2493B32C005D4823 /* RichTextRenderer */ = {
			isa = PBXNativeTarget;
			buildConfigurationList = 6DA0AB262493B32C005D4823 /* Build configuration list for PBXNativeTarget "RichTextRenderer" */;
			buildPhases = (
				6DA0AB192493B32C005D4823 /* Headers */,
				6DA0AB1A2493B32C005D4823 /* Sources */,
				6DA0AB1B2493B32C005D4823 /* Frameworks */,
				6DA0AB1C2493B32C005D4823 /* Resources */,
				6DA0AB932493BBAC005D4823 /* ShellScript */,
				6DCFA8F62497F2F9002D59B3 /* Embed Frameworks */,
			);
			buildRules = (
			);
			dependencies = (
			);
			name = RichTextRenderer;
			productName = RichTextRenderer;
			productReference = 6DA0AB1E2493B32C005D4823 /* RichTextRenderer.framework */;
			productType = "com.apple.product-type.framework";
		};
/* End PBXNativeTarget section */

/* Begin PBXProject section */
		6DA0AB152493B32C005D4823 /* Project object */ = {
			isa = PBXProject;
			attributes = {
				LastUpgradeCheck = 1140;
				ORGANIZATIONNAME = Contentful;
				TargetAttributes = {
					6DA0AB1D2493B32C005D4823 = {
						CreatedOnToolsVersion = 11.4.1;
					};
				};
			};
			buildConfigurationList = 6DA0AB182493B32C005D4823 /* Build configuration list for PBXProject "RichTextRenderer" */;
			compatibilityVersion = "Xcode 9.3";
			developmentRegion = en;
			hasScannedForEncodings = 0;
			knownRegions = (
				en,
				Base,
			);
			mainGroup = 6DA0AB142493B32C005D4823;
			productRefGroup = 6DA0AB1F2493B32C005D4823 /* Products */;
			projectDirPath = "";
			projectRoot = "";
			targets = (
				6DA0AB1D2493B32C005D4823 /* RichTextRenderer */,
			);
		};
/* End PBXProject section */

/* Begin PBXResourcesBuildPhase section */
		6DA0AB1C2493B32C005D4823 /* Resources */ = {
			isa = PBXResourcesBuildPhase;
			buildActionMask = 2147483647;
			files = (
			);
			runOnlyForDeploymentPostprocessing = 0;
		};
/* End PBXResourcesBuildPhase section */

/* Begin PBXShellScriptBuildPhase section */
		6DA0AB932493BBAC005D4823 /* ShellScript */ = {
			isa = PBXShellScriptBuildPhase;
			buildActionMask = 2147483647;
			files = (
			);
			inputFileListPaths = (
			);
			inputPaths = (
			);
			outputFileListPaths = (
			);
			outputPaths = (
			);
			runOnlyForDeploymentPostprocessing = 0;
			shellPath = /bin/sh;
			shellScript = "/usr/local/bin/carthage copy-frameworks\n";
		};
/* End PBXShellScriptBuildPhase section */

/* Begin PBXSourcesBuildPhase section */
		6DA0AB1A2493B32C005D4823 /* Sources */ = {
			isa = PBXSourcesBuildPhase;
			buildActionMask = 2147483647;
			files = (
				6D52775F2497CCBE00E559A5 /* DefaultRenderersProvider.swift in Sources */,
				6DA0AB912493B8C0005D4823 /* RichTextViewController.swift in Sources */,
				6DA0AB6B2493B89C005D4823 /* TextRenderer.swift in Sources */,
				6DA0AB6F2493B89C005D4823 /* OrderedListRenderer.swift in Sources */,
				6D14B1DE24A104FB001F0981 /* Attachment.swift in Sources */,
				6DA0AB392493B88F005D4823 /* BlockQuoteConfiguration.swift in Sources */,
				6D5277562497BA0800E559A5 /* FontProviding+Marks.swift in Sources */,
				6DA0AB6D2493B89C005D4823 /* UnorderedListRenderer.swift in Sources */,
				6D5277522497B62E00E559A5 /* FontProviding.swift in Sources */,
				6D14B1E024A105F3001F0981 /* AttachmentRect.swift in Sources */,
				6DA0AB512493B898005D4823 /* HeadingFonts+Default.swift in Sources */,
				6DA0AB822493B8A4005D4823 /* CrossPlatformTypes.swift in Sources */,
				6DA0AB502493B898005D4823 /* HeadingLevel.swift in Sources */,
				6DA0AB7D2493B89C005D4823 /* HorizontalRuleRenderer.swift in Sources */,
				6DA0AB3A2493B88F005D4823 /* TextConfiguration+Default.swift in Sources */,
				6DA0AB452493B894005D4823 /* CodingUserInfoKey+Dictionary.swift in Sources */,
				6D5277542497B6A000E559A5 /* DefaultFontProvider.swift in Sources */,
				6D0AB89824A28847005419E1 /* RenderableNode.swift in Sources */,
				6DA0AB752493B89C005D4823 /* NodeRendering.swift in Sources */,
				6DA0AB7F2493B89C005D4823 /* HorizontalRuleViewProviding.swift in Sources */,
				6DA0AB732493B89C005D4823 /* ResourceLinkInlineStringProviding.swift in Sources */,
				6DF3ED17249E2A2E00FEAFA7 /* RichTextLayoutManager.swift in Sources */,
				6D8E196D24A36D2900BD04E4 /* Node+RenderableNodeProviding.swift in Sources */,
				6DA0AB7B2493B89C005D4823 /* ResourceLinkBlockViewRepresentable.swift in Sources */,
				6DA0AB6E2493B89C005D4823 /* HyperlinkRenderer.swift in Sources */,
				6DA0AB7C2493B89C005D4823 /* ParagraphRenderer.swift in Sources */,
				6DA0AB352493B88F005D4823 /* TextListConfiguration+Default.swift in Sources */,
				6D0AB89A24A28878005419E1 /* RenderableNodeProviding.swift in Sources */,
				6DA0AB7E2493B89C005D4823 /* HorizontalRuleViewProvider.swift in Sources */,
				6DA0AB362493B88F005D4823 /* TextConfiguration.swift in Sources */,
				6DA0AB3D2493B88F005D4823 /* HeadingConfiguration.swift in Sources */,
				6DA0AB4F2493B898005D4823 /* HeadingFonts.swift in Sources */,
				6DA0AB722493B89C005D4823 /* ResourceLinkInlineRenderer.swift in Sources */,
				6D2714822497D361009ED7FB /* DefaultRendererConfiguration.swift in Sources */,
				6DA0AB6C2493B89C005D4823 /* BlockQuoteRenderer.swift in Sources */,
				6DA0AB372493B88F005D4823 /* HeadingConfiguration+Default.swift in Sources */,
				6DF3ED15249E226100FEAFA7 /* ResourceLinkBlockImageView.swift in Sources */,
				6DF3ED19249E2A4B00FEAFA7 /* RichTextContainer.swift in Sources */,
				6DA0AB712493B89C005D4823 /* HeadingRenderer.swift in Sources */,
				6DA0AB492493B894005D4823 /* CodingUserInfoKey+CustomKeys.swift in Sources */,
				6DA0AB7A2493B89C005D4823 /* ResourceLinkBlockRenderer.swift in Sources */,
				6DA0AB872493B8A7005D4823 /* RichTextDocumentRendering.swift in Sources */,
				6D14B1DC24A101E1001F0981 /* NSTextStorage+Attachments.swift in Sources */,
				6DA0AB472493B894005D4823 /* NSAttributedString.swift in Sources */,
				6DA0AB3C2493B88F005D4823 /* RendererConfiguration.swift in Sources */,
				6DA0AB862493B8A7005D4823 /* RichTextDocumentRenderer.swift in Sources */,
				6DA0AB772493B89C005D4823 /* ResourceLinkBlockViewProviding.swift in Sources */,
				6D52775D2497CC7500E559A5 /* NodeRenderersProviding.swift in Sources */,
				6D1897E324A35EFC0030542A /* ListContext.swift in Sources */,
				6DA0AB702493B89C005D4823 /* ListItemRenderer.swift in Sources */,
				6DA0AB3B2493B88F005D4823 /* BlockQuoteConfiguration+Default.swift in Sources */,
				6DA0AB482493B894005D4823 /* NSMutableAttributedString+ArrayOperations.swift in Sources */,
				6DA0AB382493B88F005D4823 /* TextListConfiguration.swift in Sources */,
				6DA0AB462493B894005D4823 /* NSAttributedStringKey+Contentful.swift in Sources */,
			);
			runOnlyForDeploymentPostprocessing = 0;
		};
/* End PBXSourcesBuildPhase section */

/* Begin XCBuildConfiguration section */
		6DA0AB242493B32C005D4823 /* Debug */ = {
			isa = XCBuildConfiguration;
			baseConfigurationReference = 6DA0AB972493C966005D4823 /* Debug.xcconfig */;
			buildSettings = {
			};
			name = Debug;
		};
		6DA0AB252493B32C005D4823 /* Release */ = {
			isa = XCBuildConfiguration;
			baseConfigurationReference = 6DA0AB9A2493C9B9005D4823 /* Release.xcconfig */;
			buildSettings = {
			};
			name = Release;
		};
		6DA0AB272493B32C005D4823 /* Debug */ = {
			isa = XCBuildConfiguration;
			baseConfigurationReference = 6DA0AB992493C9AA005D4823 /* DebugFramework.xcconfig */;
			buildSettings = {
				CODE_SIGN_IDENTITY = "Apple Development";
				CODE_SIGN_STYLE = Automatic;
				DEVELOPMENT_TEAM = "";
				FRAMEWORK_SEARCH_PATHS = (
					"$(inherited)",
					"$(PROJECT_DIR)/Carthage/Build/iOS",
				);
				"FRAMEWORK_SEARCH_PATHS[sdk=iphone*]" = "$(PROJECT_DIR)/Carthage/Build/iOS";
				PROVISIONING_PROFILE_SPECIFIER = "";
			};
			name = Debug;
		};
		6DA0AB282493B32C005D4823 /* Release */ = {
			isa = XCBuildConfiguration;
			baseConfigurationReference = 6DA0AB9B2493C9C9005D4823 /* ReleaseFramework.xcconfig */;
			buildSettings = {
				CODE_SIGN_IDENTITY = "Apple Development";
				CODE_SIGN_STYLE = Automatic;
				DEVELOPMENT_TEAM = "";
				FRAMEWORK_SEARCH_PATHS = (
					"$(inherited)",
					"$(PROJECT_DIR)/Carthage/Build/iOS",
				);
				PROVISIONING_PROFILE_SPECIFIER = "";
			};
			name = Release;
		};
/* End XCBuildConfiguration section */

/* Begin XCConfigurationList section */
		6DA0AB182493B32C005D4823 /* Build configuration list for PBXProject "RichTextRenderer" */ = {
			isa = XCConfigurationList;
			buildConfigurations = (
				6DA0AB242493B32C005D4823 /* Debug */,
				6DA0AB252493B32C005D4823 /* Release */,
			);
			defaultConfigurationIsVisible = 0;
			defaultConfigurationName = Release;
		};
		6DA0AB262493B32C005D4823 /* Build configuration list for PBXNativeTarget "RichTextRenderer" */ = {
			isa = XCConfigurationList;
			buildConfigurations = (
				6DA0AB272493B32C005D4823 /* Debug */,
				6DA0AB282493B32C005D4823 /* Release */,
			);
			defaultConfigurationIsVisible = 0;
			defaultConfigurationName = Release;
		};
/* End XCConfigurationList section */
	};
	rootObject = 6DA0AB152493B32C005D4823 /* Project object */;
}
