// !$*UTF8*$!
{
	archiveVersion = 1;
	classes = {
	};
	objectVersion = 50;
	objects = {

/* Begin PBXBuildFile section */
		6D2437B124AA3E3900CC6978 /* Cat.swift in Sources */ = {isa = PBXBuildFile; fileRef = 6D2437B024AA3E3900CC6978 /* Cat.swift */; };
		6D2437B424AA3EE100CC6978 /* ExampleInlineStringProvider.swift in Sources */ = {isa = PBXBuildFile; fileRef = 6D2437B324AA3EE100CC6978 /* ExampleInlineStringProvider.swift */; };
		6D2437B624AA41ED00CC6978 /* Car.swift in Sources */ = {isa = PBXBuildFile; fileRef = 6D2437B524AA41ED00CC6978 /* Car.swift */; };
		6DCFA8BD2497DB08002D59B3 /* AppDelegate.swift in Sources */ = {isa = PBXBuildFile; fileRef = 6DCFA8BC2497DB08002D59B3 /* AppDelegate.swift */; };
		6DCFA8C12497DB08002D59B3 /* ViewController.swift in Sources */ = {isa = PBXBuildFile; fileRef = 6DCFA8C02497DB08002D59B3 /* ViewController.swift */; };
		6DCFA8C42497DB08002D59B3 /* Main.storyboard in Resources */ = {isa = PBXBuildFile; fileRef = 6DCFA8C22497DB08002D59B3 /* Main.storyboard */; };
		6DCFA8C62497DB0A002D59B3 /* Assets.xcassets in Resources */ = {isa = PBXBuildFile; fileRef = 6DCFA8C52497DB0A002D59B3 /* Assets.xcassets */; };
		6DCFA8C92497DB0A002D59B3 /* LaunchScreen.storyboard in Resources */ = {isa = PBXBuildFile; fileRef = 6DCFA8C72497DB0A002D59B3 /* LaunchScreen.storyboard */; };
		6DCFA8D32497DD78002D59B3 /* Article.swift in Sources */ = {isa = PBXBuildFile; fileRef = 6DCFA8D22497DD78002D59B3 /* Article.swift */; };
		6DCFA8DA2497E0CB002D59B3 /* ContentfulService.swift in Sources */ = {isa = PBXBuildFile; fileRef = 6DCFA8D92497E0CB002D59B3 /* ContentfulService.swift */; };
		6DCFA8E22497E785002D59B3 /* Contentful.framework in Frameworks */ = {isa = PBXBuildFile; fileRef = 6DCFA8E12497E785002D59B3 /* Contentful.framework */; };
		6DCFA8E32497E785002D59B3 /* Contentful.framework in Embed Frameworks */ = {isa = PBXBuildFile; fileRef = 6DCFA8E12497E785002D59B3 /* Contentful.framework */; settings = {ATTRIBUTES = (CodeSignOnCopy, RemoveHeadersOnCopy, ); }; };
		6DCFA9012497F3BE002D59B3 /* RichTextRenderer.framework in Frameworks */ = {isa = PBXBuildFile; fileRef = 6DCFA9002497F3BE002D59B3 /* RichTextRenderer.framework */; };
		6DCFA9022497F3BE002D59B3 /* RichTextRenderer.framework in Embed Frameworks */ = {isa = PBXBuildFile; fileRef = 6DCFA9002497F3BE002D59B3 /* RichTextRenderer.framework */; settings = {ATTRIBUTES = (CodeSignOnCopy, RemoveHeadersOnCopy, ); }; };
		6DCFA9052497F556002D59B3 /* ExampleBlockViewProvider.swift in Sources */ = {isa = PBXBuildFile; fileRef = 6DCFA9042497F556002D59B3 /* ExampleBlockViewProvider.swift */; };
/* End PBXBuildFile section */

/* Begin PBXCopyFilesBuildPhase section */
		6DCFA8E42497E785002D59B3 /* Embed Frameworks */ = {
			isa = PBXCopyFilesBuildPhase;
			buildActionMask = 2147483647;
			dstPath = "";
			dstSubfolderSpec = 10;
			files = (
				6DCFA9022497F3BE002D59B3 /* RichTextRenderer.framework in Embed Frameworks */,
				6DCFA8E32497E785002D59B3 /* Contentful.framework in Embed Frameworks */,
			);
			name = "Embed Frameworks";
			runOnlyForDeploymentPostprocessing = 0;
		};
/* End PBXCopyFilesBuildPhase section */

/* Begin PBXFileReference section */
		6D2437B024AA3E3900CC6978 /* Cat.swift */ = {isa = PBXFileReference; lastKnownFileType = sourcecode.swift; path = Cat.swift; sourceTree = "<group>"; };
		6D2437B324AA3EE100CC6978 /* ExampleInlineStringProvider.swift */ = {isa = PBXFileReference; lastKnownFileType = sourcecode.swift; path = ExampleInlineStringProvider.swift; sourceTree = "<group>"; };
		6D2437B524AA41ED00CC6978 /* Car.swift */ = {isa = PBXFileReference; lastKnownFileType = sourcecode.swift; path = Car.swift; sourceTree = "<group>"; };
		6DCFA8B92497DB08002D59B3 /* Example-iOS.app */ = {isa = PBXFileReference; explicitFileType = wrapper.application; includeInIndex = 0; path = "Example-iOS.app"; sourceTree = BUILT_PRODUCTS_DIR; };
		6DCFA8BC2497DB08002D59B3 /* AppDelegate.swift */ = {isa = PBXFileReference; lastKnownFileType = sourcecode.swift; path = AppDelegate.swift; sourceTree = "<group>"; };
		6DCFA8C02497DB08002D59B3 /* ViewController.swift */ = {isa = PBXFileReference; lastKnownFileType = sourcecode.swift; path = ViewController.swift; sourceTree = "<group>"; };
		6DCFA8C32497DB08002D59B3 /* Base */ = {isa = PBXFileReference; lastKnownFileType = file.storyboard; name = Base; path = Base.lproj/Main.storyboard; sourceTree = "<group>"; };
		6DCFA8C52497DB0A002D59B3 /* Assets.xcassets */ = {isa = PBXFileReference; lastKnownFileType = folder.assetcatalog; path = Assets.xcassets; sourceTree = "<group>"; };
		6DCFA8C82497DB0A002D59B3 /* Base */ = {isa = PBXFileReference; lastKnownFileType = file.storyboard; name = Base; path = Base.lproj/LaunchScreen.storyboard; sourceTree = "<group>"; };
		6DCFA8CA2497DB0A002D59B3 /* Info.plist */ = {isa = PBXFileReference; lastKnownFileType = text.plist.xml; path = Info.plist; sourceTree = "<group>"; };
		6DCFA8D22497DD78002D59B3 /* Article.swift */ = {isa = PBXFileReference; lastKnownFileType = sourcecode.swift; path = Article.swift; sourceTree = "<group>"; };
		6DCFA8D92497E0CB002D59B3 /* ContentfulService.swift */ = {isa = PBXFileReference; lastKnownFileType = sourcecode.swift; path = ContentfulService.swift; sourceTree = "<group>"; };
		6DCFA8E12497E785002D59B3 /* Contentful.framework */ = {isa = PBXFileReference; lastKnownFileType = wrapper.framework; name = Contentful.framework; path = Carthage/Build/iOS/Contentful.framework; sourceTree = "<group>"; };
		6DCFA9002497F3BE002D59B3 /* RichTextRenderer.framework */ = {isa = PBXFileReference; explicitFileType = wrapper.framework; path = RichTextRenderer.framework; sourceTree = BUILT_PRODUCTS_DIR; };
		6DCFA9042497F556002D59B3 /* ExampleBlockViewProvider.swift */ = {isa = PBXFileReference; lastKnownFileType = sourcecode.swift; path = ExampleBlockViewProvider.swift; sourceTree = "<group>"; };
/* End PBXFileReference section */

/* Begin PBXFrameworksBuildPhase section */
		6DCFA8B62497DB08002D59B3 /* Frameworks */ = {
			isa = PBXFrameworksBuildPhase;
			buildActionMask = 2147483647;
			files = (
				6DCFA9012497F3BE002D59B3 /* RichTextRenderer.framework in Frameworks */,
				6DCFA8E22497E785002D59B3 /* Contentful.framework in Frameworks */,
			);
			runOnlyForDeploymentPostprocessing = 0;
		};
/* End PBXFrameworksBuildPhase section */

/* Begin PBXGroup section */
		37C5B6891BAD9E96BF4BE8C2 /* Frameworks */ = {
			isa = PBXGroup;
			children = (
				6DCFA9002497F3BE002D59B3 /* RichTextRenderer.framework */,
				6DCFA8E12497E785002D59B3 /* Contentful.framework */,
			);
			name = Frameworks;
			sourceTree = "<group>";
		};
		6D2437B224AA3ECD00CC6978 /* Providers */ = {
			isa = PBXGroup;
			children = (
				6D2437B324AA3EE100CC6978 /* ExampleInlineStringProvider.swift */,
				6DCFA9042497F556002D59B3 /* ExampleBlockViewProvider.swift */,
			);
			path = Providers;
			sourceTree = "<group>";
		};
		6DCFA8B02497DB07002D59B3 = {
			isa = PBXGroup;
			children = (
				6DCFA8BB2497DB08002D59B3 /* Example-iOS */,
				6DCFA8BA2497DB08002D59B3 /* Products */,
				37C5B6891BAD9E96BF4BE8C2 /* Frameworks */,
			);
			sourceTree = "<group>";
		};
		6DCFA8BA2497DB08002D59B3 /* Products */ = {
			isa = PBXGroup;
			children = (
				6DCFA8B92497DB08002D59B3 /* Example-iOS.app */,
			);
			name = Products;
			sourceTree = "<group>";
		};
		6DCFA8BB2497DB08002D59B3 /* Example-iOS */ = {
			isa = PBXGroup;
			children = (
				6DCFA8D02497DCC6002D59B3 /* Contentful */,
				6DCFA8BC2497DB08002D59B3 /* AppDelegate.swift */,
				6DCFA8C02497DB08002D59B3 /* ViewController.swift */,
				6DCFA8C22497DB08002D59B3 /* Main.storyboard */,
				6DCFA8C52497DB0A002D59B3 /* Assets.xcassets */,
				6DCFA8C72497DB0A002D59B3 /* LaunchScreen.storyboard */,
				6DCFA8CA2497DB0A002D59B3 /* Info.plist */,
			);
			path = "Example-iOS";
			sourceTree = "<group>";
		};
		6DCFA8D02497DCC6002D59B3 /* Contentful */ = {
			isa = PBXGroup;
			children = (
				6DCFA8D92497E0CB002D59B3 /* ContentfulService.swift */,
				6DCFA8D12497DD73002D59B3 /* Models */,
				6D2437B224AA3ECD00CC6978 /* Providers */,
			);
			path = Contentful;
			sourceTree = "<group>";
		};
		6DCFA8D12497DD73002D59B3 /* Models */ = {
			isa = PBXGroup;
			children = (
				6DCFA8D22497DD78002D59B3 /* Article.swift */,
				6D2437B524AA41ED00CC6978 /* Car.swift */,
				6D2437B024AA3E3900CC6978 /* Cat.swift */,
			);
			path = Models;
			sourceTree = "<group>";
		};
/* End PBXGroup section */

/* Begin PBXNativeTarget section */
		6DCFA8B82497DB08002D59B3 /* Example-iOS */ = {
			isa = PBXNativeTarget;
			buildConfigurationList = 6DCFA8CD2497DB0A002D59B3 /* Build configuration list for PBXNativeTarget "Example-iOS" */;
			buildPhases = (
				6DCFA8B52497DB08002D59B3 /* Sources */,
				6DCFA8B62497DB08002D59B3 /* Frameworks */,
				6DCFA8B72497DB08002D59B3 /* Resources */,
				6DCFA8D82497E03E002D59B3 /* Carthage */,
				6DCFA8E42497E785002D59B3 /* Embed Frameworks */,
			);
			buildRules = (
			);
			dependencies = (
			);
			name = "Example-iOS";
			productName = "Example-iOS";
			productReference = 6DCFA8B92497DB08002D59B3 /* Example-iOS.app */;
			productType = "com.apple.product-type.application";
		};
/* End PBXNativeTarget section */

/* Begin PBXProject section */
		6DCFA8B12497DB07002D59B3 /* Project object */ = {
			isa = PBXProject;
			attributes = {
				LastSwiftUpdateCheck = 1140;
				LastUpgradeCheck = 1140;
				ORGANIZATIONNAME = Contentful;
				TargetAttributes = {
					6DCFA8B82497DB08002D59B3 = {
						CreatedOnToolsVersion = 11.4.1;
					};
				};
			};
			buildConfigurationList = 6DCFA8B42497DB07002D59B3 /* Build configuration list for PBXProject "Example-iOS" */;
			compatibilityVersion = "Xcode 9.3";
			developmentRegion = en;
			hasScannedForEncodings = 0;
			knownRegions = (
				en,
				Base,
			);
			mainGroup = 6DCFA8B02497DB07002D59B3;
			productRefGroup = 6DCFA8BA2497DB08002D59B3 /* Products */;
			projectDirPath = "";
			projectRoot = "";
			targets = (
				6DCFA8B82497DB08002D59B3 /* Example-iOS */,
			);
		};
/* End PBXProject section */

/* Begin PBXResourcesBuildPhase section */
		6DCFA8B72497DB08002D59B3 /* Resources */ = {
			isa = PBXResourcesBuildPhase;
			buildActionMask = 2147483647;
			files = (
				6DCFA8C92497DB0A002D59B3 /* LaunchScreen.storyboard in Resources */,
				6DCFA8C62497DB0A002D59B3 /* Assets.xcassets in Resources */,
				6DCFA8C42497DB08002D59B3 /* Main.storyboard in Resources */,
			);
			runOnlyForDeploymentPostprocessing = 0;
		};
/* End PBXResourcesBuildPhase section */

/* Begin PBXShellScriptBuildPhase section */
		6DCFA8D82497E03E002D59B3 /* Carthage */ = {
			isa = PBXShellScriptBuildPhase;
			buildActionMask = 2147483647;
			files = (
			);
			inputFileListPaths = (
			);
			inputPaths = (
			);
			name = Carthage;
			outputFileListPaths = (
			);
			outputPaths = (
			);
			runOnlyForDeploymentPostprocessing = 0;
			shellPath = /bin/sh;
			shellScript = "/usr/local/bin/carthage copy-frameworks\n";
		};
/* End PBXShellScriptBuildPhase section */

/* Begin PBXSourcesBuildPhase section */
		6DCFA8B52497DB08002D59B3 /* Sources */ = {
			isa = PBXSourcesBuildPhase;
			buildActionMask = 2147483647;
			files = (
				6DCFA8C12497DB08002D59B3 /* ViewController.swift in Sources */,
				6DCFA8DA2497E0CB002D59B3 /* ContentfulService.swift in Sources */,
				6D2437B624AA41ED00CC6978 /* Car.swift in Sources */,
				6D2437B424AA3EE100CC6978 /* ExampleInlineStringProvider.swift in Sources */,
				6D2437B124AA3E3900CC6978 /* Cat.swift in Sources */,
				6DCFA9052497F556002D59B3 /* ExampleBlockViewProvider.swift in Sources */,
				6DCFA8BD2497DB08002D59B3 /* AppDelegate.swift in Sources */,
				6DCFA8D32497DD78002D59B3 /* Article.swift in Sources */,
			);
			runOnlyForDeploymentPostprocessing = 0;
		};
/* End PBXSourcesBuildPhase section */

/* Begin PBXVariantGroup section */
		6DCFA8C22497DB08002D59B3 /* Main.storyboard */ = {
			isa = PBXVariantGroup;
			children = (
				6DCFA8C32497DB08002D59B3 /* Base */,
			);
			name = Main.storyboard;
			sourceTree = "<group>";
		};
		6DCFA8C72497DB0A002D59B3 /* LaunchScreen.storyboard */ = {
			isa = PBXVariantGroup;
			children = (
				6DCFA8C82497DB0A002D59B3 /* Base */,
			);
			name = LaunchScreen.storyboard;
			sourceTree = "<group>";
		};
/* End PBXVariantGroup section */

/* Begin XCBuildConfiguration section */
		6DCFA8CB2497DB0A002D59B3 /* Debug */ = {
			isa = XCBuildConfiguration;
			buildSettings = {
				ALWAYS_SEARCH_USER_PATHS = NO;
				CLANG_ANALYZER_NONNULL = YES;
				CLANG_ANALYZER_NUMBER_OBJECT_CONVERSION = YES_AGGRESSIVE;
				CLANG_CXX_LANGUAGE_STANDARD = "gnu++14";
				CLANG_CXX_LIBRARY = "libc++";
				CLANG_ENABLE_MODULES = YES;
				CLANG_ENABLE_OBJC_ARC = YES;
				CLANG_ENABLE_OBJC_WEAK = YES;
				CLANG_WARN_BLOCK_CAPTURE_AUTORELEASING = YES;
				CLANG_WARN_BOOL_CONVERSION = YES;
				CLANG_WARN_COMMA = YES;
				CLANG_WARN_CONSTANT_CONVERSION = YES;
				CLANG_WARN_DEPRECATED_OBJC_IMPLEMENTATIONS = YES;
				CLANG_WARN_DIRECT_OBJC_ISA_USAGE = YES_ERROR;
				CLANG_WARN_DOCUMENTATION_COMMENTS = YES;
				CLANG_WARN_EMPTY_BODY = YES;
				CLANG_WARN_ENUM_CONVERSION = YES;
				CLANG_WARN_INFINITE_RECURSION = YES;
				CLANG_WARN_INT_CONVERSION = YES;
				CLANG_WARN_NON_LITERAL_NULL_CONVERSION = YES;
				CLANG_WARN_OBJC_IMPLICIT_RETAIN_SELF = YES;
				CLANG_WARN_OBJC_LITERAL_CONVERSION = YES;
				CLANG_WARN_OBJC_ROOT_CLASS = YES_ERROR;
				CLANG_WARN_RANGE_LOOP_ANALYSIS = YES;
				CLANG_WARN_STRICT_PROTOTYPES = YES;
				CLANG_WARN_SUSPICIOUS_MOVE = YES;
				CLANG_WARN_UNGUARDED_AVAILABILITY = YES_AGGRESSIVE;
				CLANG_WARN_UNREACHABLE_CODE = YES;
				CLANG_WARN__DUPLICATE_METHOD_MATCH = YES;
				COPY_PHASE_STRIP = NO;
				DEBUG_INFORMATION_FORMAT = dwarf;
				ENABLE_STRICT_OBJC_MSGSEND = YES;
				ENABLE_TESTABILITY = YES;
				GCC_C_LANGUAGE_STANDARD = gnu11;
				GCC_DYNAMIC_NO_PIC = NO;
				GCC_NO_COMMON_BLOCKS = YES;
				GCC_OPTIMIZATION_LEVEL = 0;
				GCC_PREPROCESSOR_DEFINITIONS = (
					"DEBUG=1",
					"$(inherited)",
				);
				GCC_WARN_64_TO_32_BIT_CONVERSION = YES;
				GCC_WARN_ABOUT_RETURN_TYPE = YES_ERROR;
				GCC_WARN_UNDECLARED_SELECTOR = YES;
				GCC_WARN_UNINITIALIZED_AUTOS = YES_AGGRESSIVE;
				GCC_WARN_UNUSED_FUNCTION = YES;
				GCC_WARN_UNUSED_VARIABLE = YES;
				IPHONEOS_DEPLOYMENT_TARGET = 13.4;
				MTL_ENABLE_DEBUG_INFO = INCLUDE_SOURCE;
				MTL_FAST_MATH = YES;
				ONLY_ACTIVE_ARCH = YES;
				SDKROOT = iphoneos;
				SWIFT_ACTIVE_COMPILATION_CONDITIONS = DEBUG;
				SWIFT_OPTIMIZATION_LEVEL = "-Onone";
			};
			name = Debug;
		};
		6DCFA8CC2497DB0A002D59B3 /* Release */ = {
			isa = XCBuildConfiguration;
			buildSettings = {
				ALWAYS_SEARCH_USER_PATHS = NO;
				CLANG_ANALYZER_NONNULL = YES;
				CLANG_ANALYZER_NUMBER_OBJECT_CONVERSION = YES_AGGRESSIVE;
				CLANG_CXX_LANGUAGE_STANDARD = "gnu++14";
				CLANG_CXX_LIBRARY = "libc++";
				CLANG_ENABLE_MODULES = YES;
				CLANG_ENABLE_OBJC_ARC = YES;
				CLANG_ENABLE_OBJC_WEAK = YES;
				CLANG_WARN_BLOCK_CAPTURE_AUTORELEASING = YES;
				CLANG_WARN_BOOL_CONVERSION = YES;
				CLANG_WARN_COMMA = YES;
				CLANG_WARN_CONSTANT_CONVERSION = YES;
				CLANG_WARN_DEPRECATED_OBJC_IMPLEMENTATIONS = YES;
				CLANG_WARN_DIRECT_OBJC_ISA_USAGE = YES_ERROR;
				CLANG_WARN_DOCUMENTATION_COMMENTS = YES;
				CLANG_WARN_EMPTY_BODY = YES;
				CLANG_WARN_ENUM_CONVERSION = YES;
				CLANG_WARN_INFINITE_RECURSION = YES;
				CLANG_WARN_INT_CONVERSION = YES;
				CLANG_WARN_NON_LITERAL_NULL_CONVERSION = YES;
				CLANG_WARN_OBJC_IMPLICIT_RETAIN_SELF = YES;
				CLANG_WARN_OBJC_LITERAL_CONVERSION = YES;
				CLANG_WARN_OBJC_ROOT_CLASS = YES_ERROR;
				CLANG_WARN_RANGE_LOOP_ANALYSIS = YES;
				CLANG_WARN_STRICT_PROTOTYPES = YES;
				CLANG_WARN_SUSPICIOUS_MOVE = YES;
				CLANG_WARN_UNGUARDED_AVAILABILITY = YES_AGGRESSIVE;
				CLANG_WARN_UNREACHABLE_CODE = YES;
				CLANG_WARN__DUPLICATE_METHOD_MATCH = YES;
				COPY_PHASE_STRIP = NO;
				DEBUG_INFORMATION_FORMAT = "dwarf-with-dsym";
				ENABLE_NS_ASSERTIONS = NO;
				ENABLE_STRICT_OBJC_MSGSEND = YES;
				GCC_C_LANGUAGE_STANDARD = gnu11;
				GCC_NO_COMMON_BLOCKS = YES;
				GCC_WARN_64_TO_32_BIT_CONVERSION = YES;
				GCC_WARN_ABOUT_RETURN_TYPE = YES_ERROR;
				GCC_WARN_UNDECLARED_SELECTOR = YES;
				GCC_WARN_UNINITIALIZED_AUTOS = YES_AGGRESSIVE;
				GCC_WARN_UNUSED_FUNCTION = YES;
				GCC_WARN_UNUSED_VARIABLE = YES;
				IPHONEOS_DEPLOYMENT_TARGET = 13.4;
				MTL_ENABLE_DEBUG_INFO = NO;
				MTL_FAST_MATH = YES;
				SDKROOT = iphoneos;
				SWIFT_COMPILATION_MODE = wholemodule;
				SWIFT_OPTIMIZATION_LEVEL = "-O";
				VALIDATE_PRODUCT = YES;
			};
			name = Release;
		};
		6DCFA8CE2497DB0A002D59B3 /* Debug */ = {
			isa = XCBuildConfiguration;
			buildSettings = {
				ASSETCATALOG_COMPILER_APPICON_NAME = AppIcon;
				CODE_SIGN_STYLE = Automatic;
				FRAMEWORK_SEARCH_PATHS = "$(PROJECT_DIR)/Carthage/Build/iOS";
				INFOPLIST_FILE = "Example-iOS/Info.plist";
				IPHONEOS_DEPLOYMENT_TARGET = 11.0;
				LD_RUNPATH_SEARCH_PATHS = (
					"$(inherited)",
					"@executable_path/Frameworks",
				);
				PRODUCT_BUNDLE_IDENTIFIER = "com.contentful.Example-iOS";
				PRODUCT_NAME = "$(TARGET_NAME)";
				SWIFT_VERSION = 5.0;
				TARGETED_DEVICE_FAMILY = "1,2";
			};
			name = Debug;
		};
		6DCFA8CF2497DB0A002D59B3 /* Release */ = {
			isa = XCBuildConfiguration;
			buildSettings = {
				ASSETCATALOG_COMPILER_APPICON_NAME = AppIcon;
				CODE_SIGN_STYLE = Automatic;
				FRAMEWORK_SEARCH_PATHS = "$(PROJECT_DIR)/Carthage/Build/iOS";
				INFOPLIST_FILE = "Example-iOS/Info.plist";
				IPHONEOS_DEPLOYMENT_TARGET = 11.0;
				LD_RUNPATH_SEARCH_PATHS = (
					"$(inherited)",
					"@executable_path/Frameworks",
				);
				PRODUCT_BUNDLE_IDENTIFIER = "com.contentful.Example-iOS";
				PRODUCT_NAME = "$(TARGET_NAME)";
				SWIFT_VERSION = 5.0;
				TARGETED_DEVICE_FAMILY = "1,2";
			};
			name = Release;
		};
/* End XCBuildConfiguration section */

/* Begin XCConfigurationList section */
		6DCFA8B42497DB07002D59B3 /* Build configuration list for PBXProject "Example-iOS" */ = {
			isa = XCConfigurationList;
			buildConfigurations = (
				6DCFA8CB2497DB0A002D59B3 /* Debug */,
				6DCFA8CC2497DB0A002D59B3 /* Release */,
			);
			defaultConfigurationIsVisible = 0;
			defaultConfigurationName = Release;
		};
		6DCFA8CD2497DB0A002D59B3 /* Build configuration list for PBXNativeTarget "Example-iOS" */ = {
			isa = XCConfigurationList;
			buildConfigurations = (
				6DCFA8CE2497DB0A002D59B3 /* Debug */,
				6DCFA8CF2497DB0A002D59B3 /* Release */,
			);
			defaultConfigurationIsVisible = 0;
			defaultConfigurationName = Release;
		};
/* End XCConfigurationList section */
	};
	rootObject = 6DCFA8B12497DB07002D59B3 /* Project object */;
}
